
Microsoft Visual Studio Solution File, Format Version 12.00
# Visual Studio Version 17
VisualStudioVersion = 17.1.32328.378
MinimumVisualStudioVersion = 10.0.40219.1
Project("{FAE04EC0-301F-11D3-BF4B-00C04F79EFBC}") = "Client 6.0", "Client 6.0\Client 6.0.csproj", "{BC058854-B97C-483B-96A9-E1EE39B26598}"
EndProject
Global
	GlobalSection(SolutionConfigurationPlatforms) = preSolution
		Debug|Any CPU = Debug|Any CPU
		Release|Any CPU = Release|Any CPU
	EndGlobalSection
	GlobalSection(ProjectConfigurationPlatforms) = postSolution
		{BC058854-B97C-483B-96A9-E1EE39B26598}.Debug|Any CPU.ActiveCfg = Debug|Any CPU
		{BC058854-B97C-483B-96A9-E1EE39B26598}.Debug|Any CPU.Build.0 = Debug|Any CPU
		{BC058854-B97C-483B-96A9-E1EE39B26598}.Release|Any CPU.ActiveCfg = Release|Any CPU
		{BC058854-B97C-483B-96A9-E1EE39B26598}.Release|Any CPU.Build.0 = Release|Any CPU
	EndGlobalSection
	GlobalSection(SolutionProperties) = preSolution
		HideSolutionNode = FALSE
	EndGlobalSection
	GlobalSection(ExtensibilityGlobals) = postSolution
		SolutionGuid = {076253A4-BC24-47CA-B101-3C4BD276C88B}
	EndGlobalSection
EndGlobal
