
Microsoft Visual Studio Solution File, Format Version 12.00
# Visual Studio Version 17
VisualStudioVersion = 17.1.32328.378
MinimumVisualStudioVersion = 10.0.40219.1
Project("{FAE04EC0-301F-11D3-BF4B-00C04F79EFBC}") = "Server 6.0", "Server 6.0\Server 6.0.csproj", "{108AE97D-71A8-4B6F-9619-D964830E5F92}"
EndProject
Global
	GlobalSection(SolutionConfigurationPlatforms) = preSolution
		Debug|Any CPU = Debug|Any CPU
		Release|Any CPU = Release|Any CPU
	EndGlobalSection
	GlobalSection(ProjectConfigurationPlatforms) = postSolution
		{108AE97D-71A8-4B6F-9619-D964830E5F92}.Debug|Any CPU.ActiveCfg = Debug|Any CPU
		{108AE97D-71A8-4B6F-9619-D964830E5F92}.Debug|Any CPU.Build.0 = Debug|Any CPU
		{108AE97D-71A8-4B6F-9619-D964830E5F92}.Release|Any CPU.ActiveCfg = Release|Any CPU
		{108AE97D-71A8-4B6F-9619-D964830E5F92}.Release|Any CPU.Build.0 = Release|Any CPU
	EndGlobalSection
	GlobalSection(SolutionProperties) = preSolution
		HideSolutionNode = FALSE
	EndGlobalSection
	GlobalSection(ExtensibilityGlobals) = postSolution
		SolutionGuid = {8DF7DA13-5F3A-4F4B-8401-3EAC08826324}
	EndGlobalSection
EndGlobal
