
Microsoft Visual Studio Solution File, Format Version 12.00
# Visual Studio Version 16
VisualStudioVersion = 16.0.31605.320
MinimumVisualStudioVersion = 10.0.40219.1
Project("{9A19103F-16F7-4668-BE54-9A1E7A4F7556}") = "Server", "Server.csproj", "{C683886A-B9A3-4C83-A89C-61386E2A255D}"
EndProject
Global
	GlobalSection(SolutionConfigurationPlatforms) = preSolution
		Debug|Any CPU = Debug|Any CPU
		Release|Any CPU = Release|Any CPU
	EndGlobalSection
	GlobalSection(ProjectConfigurationPlatforms) = postSolution
		{C683886A-B9A3-4C83-A89C-61386E2A255D}.Debug|Any CPU.ActiveCfg = Debug|Any CPU
		{C683886A-B9A3-4C83-A89C-61386E2A255D}.Debug|Any CPU.Build.0 = Debug|Any CPU
		{C683886A-B9A3-4C83-A89C-61386E2A255D}.Release|Any CPU.ActiveCfg = Release|Any CPU
		{C683886A-B9A3-4C83-A89C-61386E2A255D}.Release|Any CPU.Build.0 = Release|Any CPU
	EndGlobalSection
	GlobalSection(SolutionProperties) = preSolution
		HideSolutionNode = FALSE
	EndGlobalSection
	GlobalSection(ExtensibilityGlobals) = postSolution
		SolutionGuid = {9269E262-C03B-480F-8AA9-5C3B301940CE}
	EndGlobalSection
EndGlobal
